// !$*UTF8*$!
{
	archiveVersion = 1;
	classes = {
	};
	objectVersion = 50;
	objects = {

/* Begin PBXBuildFile section */
		DD32130B250356FE0032A8DC /* AppDelegate.swift in Sources */ = {isa = PBXBuildFile; fileRef = DD32130A250356FE0032A8DC /* AppDelegate.swift */; };
		DD32130D250356FE0032A8DC /* SceneDelegate.swift in Sources */ = {isa = PBXBuildFile; fileRef = DD32130C250356FE0032A8DC /* SceneDelegate.swift */; };
		DD32130F250356FE0032A8DC /* ViewController.swift in Sources */ = {isa = PBXBuildFile; fileRef = DD32130E250356FE0032A8DC /* ViewController.swift */; };
		DD321312250356FE0032A8DC /* Main.storyboard in Resources */ = {isa = PBXBuildFile; fileRef = DD321310250356FE0032A8DC /* Main.storyboard */; };
		DD321314250356FF0032A8DC /* Assets.xcassets in Resources */ = {isa = PBXBuildFile; fileRef = DD321313250356FF0032A8DC /* Assets.xcassets */; };
		DD321317250356FF0032A8DC /* LaunchScreen.storyboard in Resources */ = {isa = PBXBuildFile; fileRef = DD321315250356FF0032A8DC /* LaunchScreen.storyboard */; };
		DD321322250356FF0032A8DC /* tipTests.swift in Sources */ = {isa = PBXBuildFile; fileRef = DD321321250356FF0032A8DC /* tipTests.swift */; };
		DD32132D250356FF0032A8DC /* tipUITests.swift in Sources */ = {isa = PBXBuildFile; fileRef = DD32132C250356FF0032A8DC /* tipUITests.swift */; };
/* End PBXBuildFile section */

/* Begin PBXContainerItemProxy section */
		DD32131E250356FF0032A8DC /* PBXContainerItemProxy */ = {
			isa = PBXContainerItemProxy;
			containerPortal = DD3212FF250356FE0032A8DC /* Project object */;
			proxyType = 1;
			remoteGlobalIDString = DD321306250356FE0032A8DC;
			remoteInfo = tip;
		};
		DD321329250356FF0032A8DC /* PBXContainerItemProxy */ = {
			isa = PBXContainerItemProxy;
			containerPortal = DD3212FF250356FE0032A8DC /* Project object */;
			proxyType = 1;
			remoteGlobalIDString = DD321306250356FE0032A8DC;
			remoteInfo = tip;
		};
/* End PBXContainerItemProxy section */

/* Begin PBXFileReference section */
		DD321307250356FE0032A8DC /* tip.app */ = {isa = PBXFileReference; explicitFileType = wrapper.application; includeInIndex = 0; path = tip.app; sourceTree = BUILT_PRODUCTS_DIR; };
		DD32130A250356FE0032A8DC /* AppDelegate.swift */ = {isa = PBXFileReference; lastKnownFileType = sourcecode.swift; path = AppDelegate.swift; sourceTree = "<group>"; };
		DD32130C250356FE0032A8DC /* SceneDelegate.swift */ = {isa = PBXFileReference; lastKnownFileType = sourcecode.swift; path = SceneDelegate.swift; sourceTree = "<group>"; };
		DD32130E250356FE0032A8DC /* ViewController.swift */ = {isa = PBXFileReference; lastKnownFileType = sourcecode.swift; path = ViewController.swift; sourceTree = "<group>"; };
		DD321311250356FE0032A8DC /* Base */ = {isa = PBXFileReference; lastKnownFileType = file.storyboard; name = Base; path = Base.lproj/Main.storyboard; sourceTree = "<group>"; };
		DD321313250356FF0032A8DC /* Assets.xcassets */ = {isa = PBXFileReference; lastKnownFileType = folder.assetcatalog; path = Assets.xcassets; sourceTree = "<group>"; };
		DD321316250356FF0032A8DC /* Base */ = {isa = PBXFileReference; lastKnownFileType = file.storyboard; name = Base; path = Base.lproj/LaunchScreen.storyboard; sourceTree = "<group>"; };
		DD321318250356FF0032A8DC /* Info.plist */ = {isa = PBXFileReference; lastKnownFileType = text.plist.xml; path = Info.plist; sourceTree = "<group>"; };
		DD32131D250356FF0032A8DC /* tipTests.xctest */ = {isa = PBXFileReference; explicitFileType = wrapper.cfbundle; includeInIndex = 0; path = tipTests.xctest; sourceTree = BUILT_PRODUCTS_DIR; };
		DD321321250356FF0032A8DC /* tipTests.swift */ = {isa = PBXFileReference; lastKnownFileType = sourcecode.swift; path = tipTests.swift; sourceTree = "<group>"; };
		DD321323250356FF0032A8DC /* Info.plist */ = {isa = PBXFileReference; lastKnownFileType = text.plist.xml; path = Info.plist; sourceTree = "<group>"; };
		DD321328250356FF0032A8DC /* tipUITests.xctest */ = {isa = PBXFileReference; explicitFileType = wrapper.cfbundle; includeInIndex = 0; path = tipUITests.xctest; sourceTree = BUILT_PRODUCTS_DIR; };
		DD32132C250356FF0032A8DC /* tipUITests.swift */ = {isa = PBXFileReference; lastKnownFileType = sourcecode.swift; path = tipUITests.swift; sourceTree = "<group>"; };
		DD32132E250356FF0032A8DC /* Info.plist */ = {isa = PBXFileReference; lastKnownFileType = text.plist.xml; path = Info.plist; sourceTree = "<group>"; };
/* End PBXFileReference section */

/* Begin PBXFrameworksBuildPhase section */
		DD321304250356FE0032A8DC /* Frameworks */ = {
			isa = PBXFrameworksBuildPhase;
			buildActionMask = 2147483647;
			files = (
			);
			runOnlyForDeploymentPostprocessing = 0;
		};
		DD32131A250356FF0032A8DC /* Frameworks */ = {
			isa = PBXFrameworksBuildPhase;
			buildActionMask = 2147483647;
			files = (
			);
			runOnlyForDeploymentPostprocessing = 0;
		};
		DD321325250356FF0032A8DC /* Frameworks */ = {
			isa = PBXFrameworksBuildPhase;
			buildActionMask = 2147483647;
			files = (
			);
			runOnlyForDeploymentPostprocessing = 0;
		};
/* End PBXFrameworksBuildPhase section */

/* Begin PBXGroup section */
		DD3212FE250356FE0032A8DC = {
			isa = PBXGroup;
			children = (
				DD321309250356FE0032A8DC /* tip */,
				DD321320250356FF0032A8DC /* tipTests */,
				DD32132B250356FF0032A8DC /* tipUITests */,
				DD321308250356FE0032A8DC /* Products */,
			);
			sourceTree = "<group>";
		};
		DD321308250356FE0032A8DC /* Products */ = {
			isa = PBXGroup;
			children = (
				DD321307250356FE0032A8DC /* tip.app */,
				DD32131D250356FF0032A8DC /* tipTests.xctest */,
				DD321328250356FF0032A8DC /* tipUITests.xctest */,
			);
			name = Products;
			sourceTree = "<group>";
		};
		DD321309250356FE0032A8DC /* tip */ = {
			isa = PBXGroup;
			children = (
				DD32130A250356FE0032A8DC /* AppDelegate.swift */,
				DD32130C250356FE0032A8DC /* SceneDelegate.swift */,
				DD32130E250356FE0032A8DC /* ViewController.swift */,
				DD321310250356FE0032A8DC /* Main.storyboard */,
				DD321313250356FF0032A8DC /* Assets.xcassets */,
				DD321315250356FF0032A8DC /* LaunchScreen.storyboard */,
				DD321318250356FF0032A8DC /* Info.plist */,
			);
			path = tip;
			sourceTree = "<group>";
		};
		DD321320250356FF0032A8DC /* tipTests */ = {
			isa = PBXGroup;
			children = (
				DD321321250356FF0032A8DC /* tipTests.swift */,
				DD321323250356FF0032A8DC /* Info.plist */,
			);
			path = tipTests;
			sourceTree = "<group>";
		};
		DD32132B250356FF0032A8DC /* tipUITests */ = {
			isa = PBXGroup;
			children = (
				DD32132C250356FF0032A8DC /* tipUITests.swift */,
				DD32132E250356FF0032A8DC /* Info.plist */,
			);
			path = tipUITests;
			sourceTree = "<group>";
		};
/* End PBXGroup section */

/* Begin PBXNativeTarget section */
		DD321306250356FE0032A8DC /* tip */ = {
			isa = PBXNativeTarget;
			buildConfigurationList = DD321331250356FF0032A8DC /* Build configuration list for PBXNativeTarget "tip" */;
			buildPhases = (
				DD321303250356FE0032A8DC /* Sources */,
				DD321304250356FE0032A8DC /* Frameworks */,
				DD321305250356FE0032A8DC /* Resources */,
			);
			buildRules = (
			);
			dependencies = (
			);
			name = tip;
			productName = tip;
			productReference = DD321307250356FE0032A8DC /* tip.app */;
			productType = "com.apple.product-type.application";
		};
		DD32131C250356FF0032A8DC /* tipTests */ = {
			isa = PBXNativeTarget;
			buildConfigurationList = DD321334250356FF0032A8DC /* Build configuration list for PBXNativeTarget "tipTests" */;
			buildPhases = (
				DD321319250356FF0032A8DC /* Sources */,
				DD32131A250356FF0032A8DC /* Frameworks */,
				DD32131B250356FF0032A8DC /* Resources */,
			);
			buildRules = (
			);
			dependencies = (
				DD32131F250356FF0032A8DC /* PBXTargetDependency */,
			);
			name = tipTests;
			productName = tipTests;
			productReference = DD32131D250356FF0032A8DC /* tipTests.xctest */;
			productType = "com.apple.product-type.bundle.unit-test";
		};
		DD321327250356FF0032A8DC /* tipUITests */ = {
			isa = PBXNativeTarget;
			buildConfigurationList = DD321337250356FF0032A8DC /* Build configuration list for PBXNativeTarget "tipUITests" */;
			buildPhases = (
				DD321324250356FF0032A8DC /* Sources */,
				DD321325250356FF0032A8DC /* Frameworks */,
				DD321326250356FF0032A8DC /* Resources */,
			);
			buildRules = (
			);
			dependencies = (
				DD32132A250356FF0032A8DC /* PBXTargetDependency */,
			);
			name = tipUITests;
			productName = tipUITests;
			productReference = DD321328250356FF0032A8DC /* tipUITests.xctest */;
			productType = "com.apple.product-type.bundle.ui-testing";
		};
/* End PBXNativeTarget section */

/* Begin PBXProject section */
		DD3212FF250356FE0032A8DC /* Project object */ = {
			isa = PBXProject;
			attributes = {
				LastSwiftUpdateCheck = 1160;
				LastUpgradeCheck = 1160;
				ORGANIZATIONNAME = Codepath;
				TargetAttributes = {
					DD321306250356FE0032A8DC = {
						CreatedOnToolsVersion = 11.6;
					};
					DD32131C250356FF0032A8DC = {
						CreatedOnToolsVersion = 11.6;
						TestTargetID = DD321306250356FE0032A8DC;
					};
					DD321327250356FF0032A8DC = {
						CreatedOnToolsVersion = 11.6;
						TestTargetID = DD321306250356FE0032A8DC;
					};
				};
			};
			buildConfigurationList = DD321302250356FE0032A8DC /* Build configuration list for PBXProject "tip" */;
			compatibilityVersion = "Xcode 9.3";
			developmentRegion = en;
			hasScannedForEncodings = 0;
			knownRegions = (
				en,
				Base,
			);
			mainGroup = DD3212FE250356FE0032A8DC;
			productRefGroup = DD321308250356FE0032A8DC /* Products */;
			projectDirPath = "";
			projectRoot = "";
			targets = (
				DD321306250356FE0032A8DC /* tip */,
				DD32131C250356FF0032A8DC /* tipTests */,
				DD321327250356FF0032A8DC /* tipUITests */,
			);
		};
/* End PBXProject section */

/* Begin PBXResourcesBuildPhase section */
		DD321305250356FE0032A8DC /* Resources */ = {
			isa = PBXResourcesBuildPhase;
			buildActionMask = 2147483647;
			files = (
				DD321317250356FF0032A8DC /* LaunchScreen.storyboard in Resources */,
				DD321314250356FF0032A8DC /* Assets.xcassets in Resources */,
				DD321312250356FE0032A8DC /* Main.storyboard in Resources */,
			);
			runOnlyForDeploymentPostprocessing = 0;
		};
		DD32131B250356FF0032A8DC /* Resources */ = {
			isa = PBXResourcesBuildPhase;
			buildActionMask = 2147483647;
			files = (
			);
			runOnlyForDeploymentPostprocessing = 0;
		};
		DD321326250356FF0032A8DC /* Resources */ = {
			isa = PBXResourcesBuildPhase;
			buildActionMask = 2147483647;
			files = (
			);
			runOnlyForDeploymentPostprocessing = 0;
		};
/* End PBXResourcesBuildPhase section */

/* Begin PBXSourcesBuildPhase section */
		DD321303250356FE0032A8DC /* Sources */ = {
			isa = PBXSourcesBuildPhase;
			buildActionMask = 2147483647;
			files = (
				DD32130F250356FE0032A8DC /* ViewController.swift in Sources */,
				DD32130B250356FE0032A8DC /* AppDelegate.swift in Sources */,
				DD32130D250356FE0032A8DC /* SceneDelegate.swift in Sources */,
			);
			runOnlyForDeploymentPostprocessing = 0;
		};
		DD321319250356FF0032A8DC /* Sources */ = {
			isa = PBXSourcesBuildPhase;
			buildActionMask = 2147483647;
			files = (
				DD321322250356FF0032A8DC /* tipTests.swift in Sources */,
			);
			runOnlyForDeploymentPostprocessing = 0;
		};
		DD321324250356FF0032A8DC /* Sources */ = {
			isa = PBXSourcesBuildPhase;
			buildActionMask = 2147483647;
			files = (
				DD32132D250356FF0032A8DC /* tipUITests.swift in Sources */,
			);
			runOnlyForDeploymentPostprocessing = 0;
		};
/* End PBXSourcesBuildPhase section */

/* Begin PBXTargetDependency section */
		DD32131F250356FF0032A8DC /* PBXTargetDependency */ = {
			isa = PBXTargetDependency;
			target = DD321306250356FE0032A8DC /* tip */;
			targetProxy = DD32131E250356FF0032A8DC /* PBXContainerItemProxy */;
		};
		DD32132A250356FF0032A8DC /* PBXTargetDependency */ = {
			isa = PBXTargetDependency;
			target = DD321306250356FE0032A8DC /* tip */;
			targetProxy = DD321329250356FF0032A8DC /* PBXContainerItemProxy */;
		};
/* End PBXTargetDependency section */

/* Begin PBXVariantGroup section */
		DD321310250356FE0032A8DC /* Main.storyboard */ = {
			isa = PBXVariantGroup;
			children = (
				DD321311250356FE0032A8DC /* Base */,
			);
			name = Main.storyboard;
			sourceTree = "<group>";
		};
		DD321315250356FF0032A8DC /* LaunchScreen.storyboard */ = {
			isa = PBXVariantGroup;
			children = (
				DD321316250356FF0032A8DC /* Base */,
			);
			name = LaunchScreen.storyboard;
			sourceTree = "<group>";
		};
/* End PBXVariantGroup section */

/* Begin XCBuildConfiguration section */
		DD32132F250356FF0032A8DC /* Debug */ = {
			isa = XCBuildConfiguration;
			buildSettings = {
				ALWAYS_SEARCH_USER_PATHS = NO;
				CLANG_ANALYZER_NONNULL = YES;
				CLANG_ANALYZER_NUMBER_OBJECT_CONVERSION = YES_AGGRESSIVE;
				CLANG_CXX_LANGUAGE_STANDARD = "gnu++14";
				CLANG_CXX_LIBRARY = "libc++";
				CLANG_ENABLE_MODULES = YES;
				CLANG_ENABLE_OBJC_ARC = YES;
				CLANG_ENABLE_OBJC_WEAK = YES;
				CLANG_WARN_BLOCK_CAPTURE_AUTORELEASING = YES;
				CLANG_WARN_BOOL_CONVERSION = YES;
				CLANG_WARN_COMMA = YES;
				CLANG_WARN_CONSTANT_CONVERSION = YES;
				CLANG_WARN_DEPRECATED_OBJC_IMPLEMENTATIONS = YES;
				CLANG_WARN_DIRECT_OBJC_ISA_USAGE = YES_ERROR;
				CLANG_WARN_DOCUMENTATION_COMMENTS = YES;
				CLANG_WARN_EMPTY_BODY = YES;
				CLANG_WARN_ENUM_CONVERSION = YES;
				CLANG_WARN_INFINITE_RECURSION = YES;
				CLANG_WARN_INT_CONVERSION = YES;
				CLANG_WARN_NON_LITERAL_NULL_CONVERSION = YES;
				CLANG_WARN_OBJC_IMPLICIT_RETAIN_SELF = YES;
				CLANG_WARN_OBJC_LITERAL_CONVERSION = YES;
				CLANG_WARN_OBJC_ROOT_CLASS = YES_ERROR;
				CLANG_WARN_RANGE_LOOP_ANALYSIS = YES;
				CLANG_WARN_STRICT_PROTOTYPES = YES;
				CLANG_WARN_SUSPICIOUS_MOVE = YES;
				CLANG_WARN_UNGUARDED_AVAILABILITY = YES_AGGRESSIVE;
				CLANG_WARN_UNREACHABLE_CODE = YES;
				CLANG_WARN__DUPLICATE_METHOD_MATCH = YES;
				COPY_PHASE_STRIP = NO;
				DEBUG_INFORMATION_FORMAT = dwarf;
				ENABLE_STRICT_OBJC_MSGSEND = YES;
				ENABLE_TESTABILITY = YES;
				GCC_C_LANGUAGE_STANDARD = gnu11;
				GCC_DYNAMIC_NO_PIC = NO;
				GCC_NO_COMMON_BLOCKS = YES;
				GCC_OPTIMIZATION_LEVEL = 0;
				GCC_PREPROCESSOR_DEFINITIONS = (
					"DEBUG=1",
					"$(inherited)",
				);
				GCC_WARN_64_TO_32_BIT_CONVERSION = YES;
				GCC_WARN_ABOUT_RETURN_TYPE = YES_ERROR;
				GCC_WARN_UNDECLARED_SELECTOR = YES;
				GCC_WARN_UNINITIALIZED_AUTOS = YES_AGGRESSIVE;
				GCC_WARN_UNUSED_FUNCTION = YES;
				GCC_WARN_UNUSED_VARIABLE = YES;
				IPHONEOS_DEPLOYMENT_TARGET = 13.6;
				MTL_ENABLE_DEBUG_INFO = INCLUDE_SOURCE;
				MTL_FAST_MATH = YES;
				ONLY_ACTIVE_ARCH = YES;
				SDKROOT = iphoneos;
				SWIFT_ACTIVE_COMPILATION_CONDITIONS = DEBUG;
				SWIFT_OPTIMIZATION_LEVEL = "-Onone";
			};
			name = Debug;
		};
		DD321330250356FF0032A8DC /* Release */ = {
			isa = XCBuildConfiguration;
			buildSettings = {
				ALWAYS_SEARCH_USER_PATHS = NO;
				CLANG_ANALYZER_NONNULL = YES;
				CLANG_ANALYZER_NUMBER_OBJECT_CONVERSION = YES_AGGRESSIVE;
				CLANG_CXX_LANGUAGE_STANDARD = "gnu++14";
				CLANG_CXX_LIBRARY = "libc++";
				CLANG_ENABLE_MODULES = YES;
				CLANG_ENABLE_OBJC_ARC = YES;
				CLANG_ENABLE_OBJC_WEAK = YES;
				CLANG_WARN_BLOCK_CAPTURE_AUTORELEASING = YES;
				CLANG_WARN_BOOL_CONVERSION = YES;
				CLANG_WARN_COMMA = YES;
				CLANG_WARN_CONSTANT_CONVERSION = YES;
				CLANG_WARN_DEPRECATED_OBJC_IMPLEMENTATIONS = YES;
				CLANG_WARN_DIRECT_OBJC_ISA_USAGE = YES_ERROR;
				CLANG_WARN_DOCUMENTATION_COMMENTS = YES;
				CLANG_WARN_EMPTY_BODY = YES;
				CLANG_WARN_ENUM_CONVERSION = YES;
				CLANG_WARN_INFINITE_RECURSION = YES;
				CLANG_WARN_INT_CONVERSION = YES;
				CLANG_WARN_NON_LITERAL_NULL_CONVERSION = YES;
				CLANG_WARN_OBJC_IMPLICIT_RETAIN_SELF = YES;
				CLANG_WARN_OBJC_LITERAL_CONVERSION = YES;
				CLANG_WARN_OBJC_ROOT_CLASS = YES_ERROR;
				CLANG_WARN_RANGE_LOOP_ANALYSIS = YES;
				CLANG_WARN_STRICT_PROTOTYPES = YES;
				CLANG_WARN_SUSPICIOUS_MOVE = YES;
				CLANG_WARN_UNGUARDED_AVAILABILITY = YES_AGGRESSIVE;
				CLANG_WARN_UNREACHABLE_CODE = YES;
				CLANG_WARN__DUPLICATE_METHOD_MATCH = YES;
				COPY_PHASE_STRIP = NO;
				DEBUG_INFORMATION_FORMAT = "dwarf-with-dsym";
				ENABLE_NS_ASSERTIONS = NO;
				ENABLE_STRICT_OBJC_MSGSEND = YES;
				GCC_C_LANGUAGE_STANDARD = gnu11;
				GCC_NO_COMMON_BLOCKS = YES;
				GCC_WARN_64_TO_32_BIT_CONVERSION = YES;
				GCC_WARN_ABOUT_RETURN_TYPE = YES_ERROR;
				GCC_WARN_UNDECLARED_SELECTOR = YES;
				GCC_WARN_UNINITIALIZED_AUTOS = YES_AGGRESSIVE;
				GCC_WARN_UNUSED_FUNCTION = YES;
				GCC_WARN_UNUSED_VARIABLE = YES;
				IPHONEOS_DEPLOYMENT_TARGET = 13.6;
				MTL_ENABLE_DEBUG_INFO = NO;
				MTL_FAST_MATH = YES;
				SDKROOT = iphoneos;
				SWIFT_COMPILATION_MODE = wholemodule;
				SWIFT_OPTIMIZATION_LEVEL = "-O";
				VALIDATE_PRODUCT = YES;
			};
			name = Release;
		};
		DD321332250356FF0032A8DC /* Debug */ = {
			isa = XCBuildConfiguration;
			buildSettings = {
				ASSETCATALOG_COMPILER_APPICON_NAME = AppIcon;
				CODE_SIGN_STYLE = Automatic;
				INFOPLIST_FILE = tip/Info.plist;
				LD_RUNPATH_SEARCH_PATHS = (
					"$(inherited)",
					"@executable_path/Frameworks",
				);
				PRODUCT_BUNDLE_IDENTIFIER = Codepath.tip;
				PRODUCT_NAME = "$(TARGET_NAME)";
				SWIFT_VERSION = 5.0;
				TARGETED_DEVICE_FAMILY = "1,2";
			};
			name = Debug;
		};
		DD321333250356FF0032A8DC /* Release */ = {
			isa = XCBuildConfiguration;
			buildSettings = {
				ASSETCATALOG_COMPILER_APPICON_NAME = AppIcon;
				CODE_SIGN_STYLE = Automatic;
				INFOPLIST_FILE = tip/Info.plist;
				LD_RUNPATH_SEARCH_PATHS = (
					"$(inherited)",
					"@executable_path/Frameworks",
				);
				PRODUCT_BUNDLE_IDENTIFIER = Codepath.tip;
				PRODUCT_NAME = "$(TARGET_NAME)";
				SWIFT_VERSION = 5.0;
				TARGETED_DEVICE_FAMILY = "1,2";
			};
			name = Release;
		};
		DD321335250356FF0032A8DC /* Debug */ = {
			isa = XCBuildConfiguration;
			buildSettings = {
				ALWAYS_EMBED_SWIFT_STANDARD_LIBRARIES = YES;
				BUNDLE_LOADER = "$(TEST_HOST)";
				CODE_SIGN_STYLE = Automatic;
				INFOPLIST_FILE = tipTests/Info.plist;
				IPHONEOS_DEPLOYMENT_TARGET = 13.6;
				LD_RUNPATH_SEARCH_PATHS = (
					"$(inherited)",
					"@executable_path/Frameworks",
					"@loader_path/Frameworks",
				);
				PRODUCT_BUNDLE_IDENTIFIER = Codepath.tipTests;
				PRODUCT_NAME = "$(TARGET_NAME)";
				SWIFT_VERSION = 5.0;
				TARGETED_DEVICE_FAMILY = "1,2";
				TEST_HOST = "$(BUILT_PRODUCTS_DIR)/tip.app/tip";
			};
			name = Debug;
		};
		DD321336250356FF0032A8DC /* Release */ = {
			isa = XCBuildConfiguration;
			buildSettings = {
				ALWAYS_EMBED_SWIFT_STANDARD_LIBRARIES = YES;
				BUNDLE_LOADER = "$(TEST_HOST)";
				CODE_SIGN_STYLE = Automatic;
				INFOPLIST_FILE = tipTests/Info.plist;
				IPHONEOS_DEPLOYMENT_TARGET = 13.6;
				LD_RUNPATH_SEARCH_PATHS = (
					"$(inherited)",
					"@executable_path/Frameworks",
					"@loader_path/Frameworks",
				);
				PRODUCT_BUNDLE_IDENTIFIER = Codepath.tipTests;
				PRODUCT_NAME = "$(TARGET_NAME)";
				SWIFT_VERSION = 5.0;
				TARGETED_DEVICE_FAMILY = "1,2";
				TEST_HOST = "$(BUILT_PRODUCTS_DIR)/tip.app/tip";
			};
			name = Release;
		};
		DD321338250356FF0032A8DC /* Debug */ = {
			isa = XCBuildConfiguration;
			buildSettings = {
				ALWAYS_EMBED_SWIFT_STANDARD_LIBRARIES = YES;
				CODE_SIGN_STYLE = Automatic;
				INFOPLIST_FILE = tipUITests/Info.plist;
				LD_RUNPATH_SEARCH_PATHS = (
					"$(inherited)",
					"@executable_path/Frameworks",
					"@loader_path/Frameworks",
				);
				PRODUCT_BUNDLE_IDENTIFIER = Codepath.tipUITests;
				PRODUCT_NAME = "$(TARGET_NAME)";
				SWIFT_VERSION = 5.0;
				TARGETED_DEVICE_FAMILY = "1,2";
				TEST_TARGET_NAME = tip;
			};
			name = Debug;
		};
		DD321339250356FF0032A8DC /* Release */ = {
			isa = XCBuildConfiguration;
			buildSettings = {
				ALWAYS_EMBED_SWIFT_STANDARD_LIBRARIES = YES;
				CODE_SIGN_STYLE = Automatic;
				INFOPLIST_FILE = tipUITests/Info.plist;
				LD_RUNPATH_SEARCH_PATHS = (
					"$(inherited)",
					"@executable_path/Frameworks",
					"@loader_path/Frameworks",
				);
				PRODUCT_BUNDLE_IDENTIFIER = Codepath.tipUITests;
				PRODUCT_NAME = "$(TARGET_NAME)";
				SWIFT_VERSION = 5.0;
				TARGETED_DEVICE_FAMILY = "1,2";
				TEST_TARGET_NAME = tip;
			};
			name = Release;
		};
/* End XCBuildConfiguration section */

/* Begin XCConfigurationList section */
		DD321302250356FE0032A8DC /* Build configuration list for PBXProject "tip" */ = {
			isa = XCConfigurationList;
			buildConfigurations = (
				DD32132F250356FF0032A8DC /* Debug */,
				DD321330250356FF0032A8DC /* Release */,
			);
			defaultConfigurationIsVisible = 0;
			defaultConfigurationName = Release;
		};
		DD321331250356FF0032A8DC /* Build configuration list for PBXNativeTarget "tip" */ = {
			isa = XCConfigurationList;
			buildConfigurations = (
				DD321332250356FF0032A8DC /* Debug */,
				DD321333250356FF0032A8DC /* Release */,
			);
			defaultConfigurationIsVisible = 0;
			defaultConfigurationName = Release;
		};
		DD321334250356FF0032A8DC /* Build configuration list for PBXNativeTarget "tipTests" */ = {
			isa = XCConfigurationList;
			buildConfigurations = (
				DD321335250356FF0032A8DC /* Debug */,
				DD321336250356FF0032A8DC /* Release */,
			);
			defaultConfigurationIsVisible = 0;
			defaultConfigurationName = Release;
		};
		DD321337250356FF0032A8DC /* Build configuration list for PBXNativeTarget "tipUITests" */ = {
			isa = XCConfigurationList;
			buildConfigurations = (
				DD321338250356FF0032A8DC /* Debug */,
				DD321339250356FF0032A8DC /* Release */,
			);
			defaultConfigurationIsVisible = 0;
			defaultConfigurationName = Release;
		};
/* End XCConfigurationList section */
	};
	rootObject = DD3212FF250356FE0032A8DC /* Project object */;
}
